
Microsoft Visual Studio Solution File, Format Version 12.00
# Visual Studio Version 17
VisualStudioVersion = 17.4.33205.214
MinimumVisualStudioVersion = 10.0.40219.1
Project("{888888A0-9F3D-457C-B088-3A5042F75D52}") = "Calcolo densità (python3)", "..\..\Desktop\Programmi\Calcolo densità (python3)\Calcolo densità (python3).pyproj", "{B43DEBD2-69C0-4D7D-B0A5-D7B49BE451C7}"
EndProject
Global
	GlobalSection(SolutionConfigurationPlatforms) = preSolution
		Debug|Any CPU = Debug|Any CPU
		Release|Any CPU = Release|Any CPU
	EndGlobalSection
	GlobalSection(ProjectConfigurationPlatforms) = postSolution
		{B43DEBD2-69C0-4D7D-B0A5-D7B49BE451C7}.Debug|Any CPU.ActiveCfg = Debug|Any CPU
		{B43DEBD2-69C0-4D7D-B0A5-D7B49BE451C7}.Release|Any CPU.ActiveCfg = Release|Any CPU
	EndGlobalSection
	GlobalSection(SolutionProperties) = preSolution
		HideSolutionNode = FALSE
	EndGlobalSection
	GlobalSection(ExtensibilityGlobals) = postSolution
		SolutionGuid = {6CDD1911-A8D7-4CE3-830B-0543A5E7C2DB}
	EndGlobalSection
EndGlobal
